
Microsoft Visual Studio Solution File, Format Version 12.00
# Visual Studio 15
VisualStudioVersion = 15.0.28307.102
MinimumVisualStudioVersion = 10.0.40219.1
Project("{9A19103F-16F7-4668-BE54-9A1E7A4F7556}") = "DatingApp.API", "DatingApp.API.csproj", "{DE0C5E82-F783-442A-9FF9-65D41301B593}"
EndProject
Global
	GlobalSection(SolutionConfigurationPlatforms) = preSolution
		Debug|Any CPU = Debug|Any CPU
		Release|Any CPU = Release|Any CPU
	EndGlobalSection
	GlobalSection(ProjectConfigurationPlatforms) = postSolution
		{DE0C5E82-F783-442A-9FF9-65D41301B593}.Debug|Any CPU.ActiveCfg = Debug|Any CPU
		{DE0C5E82-F783-442A-9FF9-65D41301B593}.Debug|Any CPU.Build.0 = Debug|Any CPU
		{DE0C5E82-F783-442A-9FF9-65D41301B593}.Release|Any CPU.ActiveCfg = Release|Any CPU
		{DE0C5E82-F783-442A-9FF9-65D41301B593}.Release|Any CPU.Build.0 = Release|Any CPU
	EndGlobalSection
	GlobalSection(SolutionProperties) = preSolution
		HideSolutionNode = FALSE
	EndGlobalSection
	GlobalSection(ExtensibilityGlobals) = postSolution
		SolutionGuid = {06836EF7-A0FA-4E2B-A2CC-C1D128C9494E}
	EndGlobalSection
EndGlobal
